
Microsoft Visual Studio Solution File, Format Version 12.00
# Visual Studio 15
VisualStudioVersion = 15.0.26430.14
MinimumVisualStudioVersion = 10.0.40219.1
Project("{FAE04EC0-301F-11D3-BF4B-00C04F79EFBC}") = "ClimateControl.Web", "ClimateControl.Web\ClimateControl.Web.csproj", "{57E82539-2AA9-4BAE-9F57-7CBCF4492A2D}"
EndProject
Project("{FAE04EC0-301F-11D3-BF4B-00C04F79EFBC}") = "ClimateControl.Console", "ClimateControl.Console\ClimateControl.Console.csproj", "{A5316326-10D6-447B-B8D6-C20544969CF6}"
EndProject
Global
	GlobalSection(SolutionConfigurationPlatforms) = preSolution
		Debug|Any CPU = Debug|Any CPU
		Release|Any CPU = Release|Any CPU
	EndGlobalSection
	GlobalSection(ProjectConfigurationPlatforms) = postSolution
		{57E82539-2AA9-4BAE-9F57-7CBCF4492A2D}.Debug|Any CPU.ActiveCfg = Debug|Any CPU
		{57E82539-2AA9-4BAE-9F57-7CBCF4492A2D}.Debug|Any CPU.Build.0 = Debug|Any CPU
		{57E82539-2AA9-4BAE-9F57-7CBCF4492A2D}.Release|Any CPU.ActiveCfg = Release|Any CPU
		{57E82539-2AA9-4BAE-9F57-7CBCF4492A2D}.Release|Any CPU.Build.0 = Release|Any CPU
		{A5316326-10D6-447B-B8D6-C20544969CF6}.Debug|Any CPU.ActiveCfg = Debug|Any CPU
		{A5316326-10D6-447B-B8D6-C20544969CF6}.Debug|Any CPU.Build.0 = Debug|Any CPU
		{A5316326-10D6-447B-B8D6-C20544969CF6}.Release|Any CPU.ActiveCfg = Release|Any CPU
		{A5316326-10D6-447B-B8D6-C20544969CF6}.Release|Any CPU.Build.0 = Release|Any CPU
	EndGlobalSection
	GlobalSection(SolutionProperties) = preSolution
		HideSolutionNode = FALSE
	EndGlobalSection
EndGlobal
